{
    "_meta": {
        "hash": {
            "sha256": "5b88acc5d036f21e8fe3cb543baae925852cf84c4b0c7da7f59763d84e9b88b6"
        },
        "pipfile-spec": 6,
        "requires": {
            "python_version": "3.14"
        },
        "sources": [
            {
                "name": "pypi",
                "url": "https://pypi.org/simple",
                "verify_ssl": true
            }
        ]
    },
    "default": {
        "annotated-types": {
            "hashes": [
                "sha256:13b2beaad985e05e2d6407ee4c4f35590b11f8d693a258a561055cac8f64cab7",
                "sha256:f072f4d804ea359e4eaf198b1af7a8b0943881a87f31bb764f8bf219bb9419e0"
            ],
            "markers": "python_version >= '3.10'",
            "version": "==0.8.0"
        },
        "anthropic": {
            "hashes": [
                "sha256:b25f87f5758861f25993383a5c9bf274eb6e0f1b010c84019ad91854cb4e1bc6",
                "sha256:d9ce04b29ad1f7025dda3e3bc478cde8d2924d2de5417d2d4a4bb0378ecbc2a6"
            ],
            "index": "pypi",
            "markers": "python_version >= '3.10'",
            "version": "==1.5.0"
        },
        "anyio": {
            "hashes": [
                "sha256:6152fdbbf9a77fdec97731721bebf7c4c44f7c29b424b0065826173efc7ed101",
                "sha256:9f28306018cbd6d329e64a36d58256edff76dd996fe423bc957326e578b82a94"
            ],
            "markers": "python_version >= '3.10'",
            "version": "==4.15.1"
        },
        "certifi": {
            "hashes": [
                "sha256:62f22742b58a1a33014a2b6b706588a8d7e2a88ae7bd1a6ebe8c992928483775",
                "sha256:741e2c3b351ddf169a738da9f2c048608ff7f2c5cc02f1ebc6b118bb090d5d55"
            ],
            "markers": "python_version >= '3.7'",
            "version": "==2026.7.22"
        },
        "deepgram-sdk": {
            "hashes": [
                "sha256:03491d1616c387725b8cc984f4cba68042fd81141a7b7d4de1bc29c2a9cbd301",
                "sha256:50bd8e1a9d8b762b53adb9226af876cad7f242898d97ed1c3c3f6fea11067e3a"
            ],
            "index": "pypi",
            "markers": "python_version >= '3.10' and python_version < '4.0'",
            "version": "==7.8.1"
        },
        "docstring-parser": {
            "hashes": [
                "sha256:292510982205c12b1248696f44959db3cdd1740237a968ea1e2e7a900eeb2015",
                "sha256:b3fcbed555c47d8479be0796ef7e19c2670d428d72e96da63f3a40122860374b"
            ],
            "markers": "python_version >= '3.8'",
            "version": "==0.18.0"
        },
        "h11": {
            "hashes": [
                "sha256:4e35b956cf45792e4caa5885e69fba00bdbc6ffafbfa020300e549b208ee5ff1",
                "sha256:63cf8bbe7522de3bf65932fda1d9c2772064ffb3dae62d55932da54b31cb6c86"
            ],
            "markers": "python_version >= '3.8'",
            "version": "==0.16.0"
        },
        "httpcore": {
            "hashes": [
                "sha256:2d400746a40668fc9dec9810239072b40b4484b640a8c38fd654a024c7a1bf55",
                "sha256:6e34463af53fd2ab5d807f399a9b45ea31c3dfa2276f15a2c3f00afff6e176e8"
            ],
            "markers": "python_version >= '3.8'",
            "version": "==1.0.9"
        },
        "httpcore2": {
            "hashes": [
                "sha256:7e04258ce01013d7d615e5b910a3b27fac937d7a95038227e79652b4ba3b4ceb",
                "sha256:9293522bba0aa7c4c8e9e3f040c16575bd8868e155a77fa30c7a9085a5eae648"
            ],
            "markers": "python_version >= '3.10'",
            "version": "==2.12.0"
        },
        "httpx": {
            "hashes": [
                "sha256:75e98c5f16b0f35b567856f597f06ff2270a374470a5c2392242528e3e3e42fc",
                "sha256:d909fcccc110f8c7faf814ca82a9a4d816bc5a6dbfea25d6591d6985b8ba59ad"
            ],
            "index": "pypi",
            "markers": "python_version >= '3.8'",
            "version": "==0.28.1"
        },
        "httpx2": {
            "hashes": [
                "sha256:7631fe9887a8a2275f4a2540e053aa670fcc50742864a9ae7c66e609fdcf12cf",
                "sha256:cc8b6eecb8661c146b8f89a60e97456ee086e91a784ed31ac450c3a9e613dd36"
            ],
            "markers": "python_version >= '3.10'",
            "version": "==2.12.0"
        },
        "idna": {
            "hashes": [
                "sha256:5e0811a4383b21dc5838069f801c4fb62113b7447663d2530d2bd6e77b49bf15",
                "sha256:815e7be7a7806d54abb586dc943addc79e8b2ee16915059658cbeff4b1b43bf4"
            ],
            "markers": "python_version >= '3.9'",
            "version": "==3.19"
        },
        "jiter": {
            "hashes": [
                "sha256:0542a7189c26920778658fc8fcf2af8bae05bae9924577f71804acef37996536",
                "sha256:0758ab7747a984797cf048e8eedea1d8ef39d7994b25611daf5b48fc903e8873",
                "sha256:0df91907609837f33341b8e6fe73b95991fdaa57caf1a0fbd343dffe826f386f",
                "sha256:0e2e9efbe042210df657bade597f66d6d75723e3d8f45a12ea6d8167ff8bbce3",
                "sha256:0fa25b09b13075c46f5bc174f2690525a925a4fc2f7c82969a2bbabff22386ce",
                "sha256:10438939205546132189c8e74a2d536a707841f3a25cd7c74ee91fe503407a26",
                "sha256:12288303c9844e61e1651d02a9a6f6633e47d39f897d6991d1427161ce6b746e",
                "sha256:17ca7fae79f6d99cd9a042b75f917eaada7b895cfc7dd2ee3a16089dcaec7a85",
                "sha256:1878349266f8ee36ecb1375cc5ba2f115f35fd9f0a1a4119e725e379126647f7",
                "sha256:1a0f05e229edb29e68cdd0ccb83cea13b64263416120cf943767a6fd72e6787f",
                "sha256:2577196f4474ef3fc4779a088a23b0897bbf86f9ea3679c372d45b8383b43207",
                "sha256:26798522707abb47d767db536e4148ceac1b14446bf028ee85e579a2e043cfe5",
                "sha256:26d122613ada2b708eb714695446f40fce5bdf2edb4b02116dec62faa62dfab3",
                "sha256:2a0d46ef67cc58d906a6132dd3040ca70ae4f0b0d7c9c052fe432c658a69b3f6",
                "sha256:2a8e9e39cf083016137aa5cadafe3188adc2ba6ba1fbf1e5d18889ad3e9ad056",
                "sha256:2c842cbf374a8daf50b2c04212995bee34ca2ac2cdc29a901b4cdb072c9c4131",
                "sha256:2ed5738ae4af18271a51a528b8811b0cbfa4a1858de9d83359e4169855d6a331",
                "sha256:3126a5dbad56401989ac769aca0cb56005bfb3e2366eea0ca99d1a91c3c1ee03",
                "sha256:31aaee5b80f672c1dc21272bcfb9cbdcfc1ea04ff50f00ed5af500b80c44fa93",
                "sha256:3a23f0e4f957e1be65752d2dfac9a5a06b1917af8dc85deb639c3b9d02e31290",
                "sha256:3b21b412b899fd8bd51a3046934b59a3bb068b79f70a5c6010053ac77cc53f0c",
                "sha256:3c1fd2dbe1b0af19e987f03fe66c5f5bd105a2229c1aff4ab14890b24f41d21a",
                "sha256:3f4d9e473a5ce7d27fef8b848df4dc16e283893d3f53b4a585e72c9595f3c284",
                "sha256:3fb7bc819187b56dc48aa5c833aaf92257da8e07efdb9306156667bd2eeb491c",
                "sha256:41977aa5654023948c2dae2a81cbf9c43343954bef1cd59a154dd15a4d84c195",
                "sha256:44d019fa8cdaf89bf29c71b39e3712143fdd0ac76725c6ef954f9957a5ea8730",
                "sha256:46add52f4ad47a08bfb1219f3e673da972191489a33016edefdb5ea55bfa8c48",
                "sha256:49060fd70737fad59d33ba9dcc0d83247dc9e77187de26053a19c16c9f32bd69",
                "sha256:491e7d072a253b156fff46b78bceac4652a697aa8d7082c9c18c03d7b7917d24",
                "sha256:4a1d68ff7ca1d3b5dee20a97a3decda7d5f15003823bf6d140c81f8561d3bc5c",
                "sha256:51d7b836acb0108d7c77df1742332cac2a1fa04a74d6dacec46e7091f0e91274",
                "sha256:560b2cf3fb03240cd34f27409a238547488708f05b7c3924f571a60422251ec7",
                "sha256:561926e0573ffe4a32498420a76d64b16c513e1ab413b9d28158a8764ac701e5",
                "sha256:57b37fc887a32d44798e4d8ebfa7c9683ff3da1d5bf38f08d1bb3573ccb39106",
                "sha256:5a71d0d2014c3275043e1170bf3d4e771493cb0dcf07be54c567155f4d8ee64b",
                "sha256:5ab4f50ff971b611d656554ea10b75f80097392c827bc32923c6eeb6386c8b00",
                "sha256:5af7780e4a26bd7d0d989592bf9ef12ebf806b74ab709223ecca37c749872ea9",
                "sha256:5cf109d010b4b05a105afb3d43be36a21322d345ad3111e13d15f680afef0e5b",
                "sha256:5ed466aee31294d7cdcd4d37dfe5c42c97bc29d9a5f00eacf24504358309cb9b",
                "sha256:616e89e008a93c01104161c75b4988e58716b01d62307ebfe161e52a56d2a818",
                "sha256:62c1b7fe1f77925acf5af68b6140b8810fa87dfd4dc0a9c8568ec2fa2a10429c",
                "sha256:63efadc657488f45db1c676d81e704cac2abf3fdb892def1faea61db053127e2",
                "sha256:63ffdbdae7d4499f4cda14eadc12ddcabef0fc0c081191bdc2247489cb698077",
                "sha256:64c0203212098470032aabcde9356fc168f377aade3e43def61dfe17e92f2037",
                "sha256:64d613743df53199b1aa256a7d328340da6d7078aac7705a7db9d7a791e9cfd2",
                "sha256:659039cc50b5addcc35fcc87ae2c1833b7c0a8e5326ef631a75e4478447bcf84",
                "sha256:6722bcef4ffc86c835574b1b2fac6b33b9fb4a889c781e67950e891591f3c55a",
                "sha256:67c3bc1760f8c99d805dcab4e644027142a53b1d5d861f18780ebdbd5d40b72a",
                "sha256:67fddeda1688f0cce2d2ae83ccf8a80f79936f2d2997d6cc2261f82fdb54a4d3",
                "sha256:6edb63a46e65a82c26800a868e49b2cac30dd5a4218b88d74bc2c848c8ad60bb",
                "sha256:70a490b55634dc0d2606ce8a8e01b1d62459011beb368d15d76e1eaf62460e3d",
                "sha256:710cc51d4ebdcd3c1f70b232c1db1ea1344a075770422bbd4bede5708335acbe",
                "sha256:741eed508c233a76313a1c7b001f8f21b82f14327e9196ae8bd29a2cc164ae84",
                "sha256:7b24c3492c5f4f84a37946ad9cf504910cf6a782d6a4e0689b6673c5894b4a1c",
                "sha256:7c9610fd25ebccb43fca584136f5c2fbb26802447eccd430dfdbab95a0fd5126",
                "sha256:850ccb1d7eedb4200f4014b1c0e8a577de114fc3cd88faad646dcc9bc4bb12ad",
                "sha256:8597d23c87f59294f83bcb6229b9ed1fccee13dbba967b46930d2f1759466fee",
                "sha256:8d031aabecc4f1b6276adfb42e3aabb77c89d468bf616600e8d3a11328929053",
                "sha256:8d30a4a1c87713060c8d1cc59a7b6c8fb6b8ef0a6900368014c76c87922a2929",
                "sha256:8fb8de1e23a0cb2a7f53c335049c7b72b6db41aa6227cdcc0972a1de5cb39450",
                "sha256:8fc4d94713c4697347e38faf7d6ef91547c142219bdcfc7220c4870879974244",
                "sha256:96e38eea538c8ddf853a35727c7be0741c76c13f04148ac5c116222f50ece3b3",
                "sha256:9acf1b2faec82d998811ecce7ae84d9005e53410773e9d37d61cdc424ba4581b",
                "sha256:9c8a956fd72c2cf1e730d01ea080341f13aa0a97a4a33b51abebe725b7ae9ca9",
                "sha256:9ec553a99b0987efd7a3645a1a825cf29c224e494db267a83369fcc8da9aeda5",
                "sha256:a111256a7193bea0759267b10385e5870949c239ed7b6ddbaaf57573edb38734",
                "sha256:a32d2027a9fa67f109ff245a3252ece3ccc32cc56703e1deab6cc846a59e0585",
                "sha256:a5c54ef4ff776d9675837ef535b3308d6e31c208d43ebc44a0f7ab8a208c68f7",
                "sha256:adbb8edeadd431bc4477879d5d371ece7cb1334486584e0f252656dd7ffada29",
                "sha256:adff21bc78edfe086c15eb495b900306076de378dc2337c132401fc39bd79c91",
                "sha256:b1e7923093a376d93c6eb507c77045ae258d689ba577392846a1b3f10d0b09a9",
                "sha256:b2c61484666ad42726029af0c00ef4541f0f3b5cdc550221f56c2343208018ee",
                "sha256:b42e9ff5376819c053da25809a8d4b6fa6e473b4856ebe42e298ac958be3d7f9",
                "sha256:b72d0b2990ca754a9102779ac98d8597b7cb31678958562214a007f909eab78e",
                "sha256:b7dc85ea77d4abbae8bad0d3538678aedee75bceec4e2f6c8dfb1c74772e5aa5",
                "sha256:b8a3f9a6008048fe9def7bf465180564a6e458047d2ce499149cfbe73c3ae9db",
                "sha256:baad945ed47f163ad833314f8e3288c396118934f94e7bbb9e243ce4b341a4fd",
                "sha256:bae96332410f866e5900d809298b1ed82735932986c672495f9701daacd80620",
                "sha256:bc837c1b9631be10abfe0191537fe8009838204cec7e44827401ace390ddb567",
                "sha256:bf3ea07d9bc8e7d03a9fbc051295462e6dbc295b894fd72457c3136e3e43d898",
                "sha256:c22a488f7b9218e245a0025a9ba6b100e2e54700831cf4cf16833a27fba3ad01",
                "sha256:c4b4717bdb35ae456f831a6b08d01880fff399887a6bbc526a583a406e484eea",
                "sha256:c5fc4f8def331036a7b8e981b4347ebe409981edbc8308a5ea842b8c3614fa6c",
                "sha256:c682bea068a90b764577bdb78a60a4c1d1606daf9cd4c893832a37c7cc9d9026",
                "sha256:c90c0f63df322be920eda6ce622e3083d8906ba267f8220fe7873213b8b4430e",
                "sha256:c9c53be232c2e206ef9cdbad81a48bfa74c3d3f08bcf8124630a8a748aad993e",
                "sha256:cbd18dd5e2df96b580487b5745adf57ef64ad89ba2d9662fc3c19386acce7db8",
                "sha256:cf0d73f50e7b6935677854f6e8e31d499ca7064dd24734f703e060f5b237d883",
                "sha256:d284fb8d94d5855d60c44fefcab4bf966f1da6fada73992b01f6f0c9bc0c6702",
                "sha256:d28bb3c26762358dadf3e5bf0bccd29ae987d65e6988d2e6f49829c76b003c09",
                "sha256:d5bf78d0e05e45cfdd66558893938d59afe3d1b1a824a202039b20e607d25a72",
                "sha256:d5f91b1c27fc22a57993d5a5cb8a627cb8ed4b10502716fac1ffbfe1d19d84e8",
                "sha256:d8f80521644426d451e70f00c7974240cab8f6ee088aedaa9af2697153ab7805",
                "sha256:da3d7ec75dc83bb18bca888b5edfae0656a26849056c59e05a7728badd17e7af",
                "sha256:dab907db06fc593645e73109acf4581ba5b548897d28b9348dc41ddc8343b2d3",
                "sha256:de5ba8763e56b793561f43bed197c9ea55776daa5e9a6b91eed68a909bc9cdbf",
                "sha256:e03a5f21a5ce96a9441b8cb32719a8b88ed5388f53e0f339c5bcf54f1317f9d0",
                "sha256:e34e97bda77eb63242a410243c071e28ac7e0d8c0948c5ee658498690a4b2f2f",
                "sha256:e431cfc9caf44c1d5459ff77d4e64cbf85fddb6a35dad836a15c6a9ec23087c1",
                "sha256:eab2cd170150e70153de16896a1774e3a1dca80154c56b54d7a812c479a7165e",
                "sha256:ee6162b77d49a9939229df666dfa8af3e656b6701b54c4c84966d740e189264e",
                "sha256:f17d61a28b4b3e0e3e2ba98490c70501403b4d196f78732439160e7fd3678127",
                "sha256:f3bd327cdfa118bc1ce69c214c2678571d5bd39b8ccd0ebf43a54db00541ba9a",
                "sha256:f4444a83f946605990c98f625cdd3d2725bfb818158760c5748c653170a20e0e",
                "sha256:fb08c276dd02dac3a284acdd02cacc630d2e3cd6572a4b85519f35cbd133c3de"
            ],
            "markers": "python_version >= '3.9'",
            "version": "==0.16.0"
        },
        "numpy": {
            "hashes": [
                "sha256:012e66aca395d795496446e52aeeb5866312a5d4d3f27da270e5a0b43f70dc5c",
                "sha256:09d5a423c71ad5feb5625844ad58050e35df43871004b52ac9c0ad44a56775be",
                "sha256:09ffa5d903faeaa5c4dd05009cf81c8bab9f2cb37c548b8d39b65b4cfa7c97f7",
                "sha256:0a59a421a32580a009e8a1751345bf829631b990dc1794b80514ab722b435def",
                "sha256:116f96cadd935c6122e9228d676fe7ede19e741f5c8bb1c3cddbe0c51ccebea2",
                "sha256:1302b90c0e52281681b2975adfe8a860cb7b12216a27b4b0b4207c44bf7bccf0",
                "sha256:15aa985ac73a8db02db7663381aa109510449d3819d37206caed27b33a65a8a6",
                "sha256:1aad64d99730d013cfc6debafed22783b4fc5a7f4b8bc744d2d8cf7dcc880551",
                "sha256:1c80eabb4035ecf4ca9cd49cde8a9fdd69a729e63e6474887d1523ade7aa277f",
                "sha256:1f3ed25271581281f2fccb1adcedfcde4c07362eec69189b50baf6f90e3ae159",
                "sha256:1fb6f8fb9ff0b3a69f52c66ce397b0246583e9f28616231b0e32ca49259a5fa6",
                "sha256:214045a5bf00113a146ab9ee9730c44501af6723cdf1f6830932f7b5ef2e7af0",
                "sha256:26e15e4aecd8617dfbaecb37d223e365d7b39411fba20454be2670a96aa74cb5",
                "sha256:2c25dfa72943e4336ddb6b0ee4277b47a0c85bede0807530ec68103bf58e2c10",
                "sha256:2d8240cb4c16fd831074aa2b2cf9fc54664d826341d61c372245b96a74a49a9a",
                "sha256:350ba9783ce969cf9f7ce6e6a9a58e1a6e2a19ca025b7ee448c4db727706212a",
                "sha256:4c8a6d2ebce6305fd82fbefca827775437147052a976ee7c94b36a0c1b52ac6c",
                "sha256:4f8929ee6c96bfbd7b4ed2032e0c03af86fe1826740ab61ddabf9072d06e57ff",
                "sha256:536f963710a4e63934d80ac0dc4f478804a83e9a84b6828018f25d09953ada33",
                "sha256:54a115e5a73b8fc44f0cebef486365a1894b5c9760685d4558b72b7c3eb846e0",
                "sha256:595d020938c84e320bcf40ad71089e108eac0d377cd018e14a8c094f39e98d85",
                "sha256:66a78fe4556c60aceda5916f9eacd638b18e9e681016ec302dcb4682d6d4d034",
                "sha256:6b05c171afb3aa07adbd20abc00aea86fe375beb0fdb9ef780ec5b7f63bab1c0",
                "sha256:6cef4bb1706dfec49243c05d921eefb4e190d41e2528b30d8035ea1f36b4c24a",
                "sha256:6f24021b9f22bc6301c37b196974a92c1c18dccedb6fef3dd252e95f2d6adbe4",
                "sha256:71b39d9f935b6ec0f8753e3e2afb51e3efba6f2e05b68b32a40754d24bcd4a3c",
                "sha256:71cad2b2a7451ab79d8f5e71b453485b6775963d5cf794179144a7463fe6e8ec",
                "sha256:76c2c1e6bfa5c84adc6434dfbf013aa92096a7985221762c8f11fedfd20fff58",
                "sha256:8617bbfae4486cf99c9f899966699428d19da931d06ca94ad3da986c76e15997",
                "sha256:86bff898a431c0fb71f7610b75726e75a54d47b37edc9d537f48de63bb3c0b90",
                "sha256:8e4dd766076855b5ff7ea52fa5f07ce26286726e0f8bff446b7739d02e6ea204",
                "sha256:92f30e89b8ee0ecf363033576c422b2f58fed6a80bed0aa48dff6d14c654663e",
                "sha256:93e1f5447e2b1e479d7bd74701e84746b86450cff1fc368b132d195e2b8f8211",
                "sha256:9a37475425b431b4d060f23b4f52cd2f3aef6bc7c654bd760adf0040eec9d435",
                "sha256:9deb49575e5b0b94ed72c8a64ec4d033381adc27e9060ae842971f697ba96104",
                "sha256:a5fa86b80fd24bcd1aff83ad23be44ea323de3f787be8f8b15d4a65621e25321",
                "sha256:a6391fafaba97500887132cd582abc6e19452b1ac775a47caa7b24490e152058",
                "sha256:a72f874bc9e10e4b8f80426fb49716d5141f64442a0c8418065093ec8017fbb0",
                "sha256:ac7bb1c52d445bd4f8f7f97fefe6abc3a084dc4d63df50d79b17fa2b78e89297",
                "sha256:adc1ada2662f8a5f960b8a10d9986897e7499ef07e06d4cfe7197f8cce923c07",
                "sha256:b00eefbcf0f292945c4b4dec2ae845389ef5bcdcd596e6e4328051db5b5ba694",
                "sha256:b0521d0f4aebb6e06189451025fa17a913287b13c03d5fe05c017333b654ea5b",
                "sha256:b5d93cf48f687479941d12b69c873ad2cc76bbd487f0091c2200636497f34034",
                "sha256:b7e18c623bb5c95acb3b3328861272816ba199fb531921c5d6d0b675f1fde9e3",
                "sha256:bd4cb9ad3c7889b9b3fe0a9a9fb5d2ed26f9879bff2608d9f01aed147a20d231",
                "sha256:be5a8381859b6da607c84f4f7d6847725f1cf1853ef8a2c9e115b7d58bef47dc",
                "sha256:befa1ae5bd6030b3f512b43ff3fa5290bbed6b84411a44244b14adf835f5b89d",
                "sha256:bf63afbe037eb5d2fe87fbcc7778e61da53ebaf21d938a4515aa73b62532a5d4",
                "sha256:c00abe94c1a69d75d827dcf1c025b25c8a45d230b3bcd77a9020883a1b047653",
                "sha256:c2381f82999704f818e2c987a865050e285ec3621262c66d40f5a96c8f899f8e",
                "sha256:c76d5dde9f445058f83d0c02af00557a4db91de9a9a57c0df87d1535001d654b",
                "sha256:cb189f09db39283b26bfd061ec16189e14f71c6755207f72a0f7540867afe5b9",
                "sha256:ccb32e0525d29e8b0572eb84c9a57af0e7a4e615726927506f55063c62414034",
                "sha256:ccbc4665079665c3cf3bab4db9f6b095370cd6437d66be549b6c2a1fd19e1958",
                "sha256:d1c89973648c85069c5046ad460f7b8a00218b29a2e42359ac8cc63e9ab94832",
                "sha256:df2d5874ff183595a4ba404edd04f6bd9b5505c1d7708573f6a6c17489a67563",
                "sha256:e01c918ac3d48e18a927cf7b14a26a3e29ff2bdf2eacb976da0aecd6a43ed034",
                "sha256:e6ab667ba76450084eb64013762c438ea76d9d29cc676dcd6c2e9892ba37f841",
                "sha256:e931e4f499e0dc7ef29d269a8e5b35dd722e5d14be07df6240166ea7c6532fae",
                "sha256:f54660b0eb6b0b9f36e7fe1cdfdff472028dd0d14acd9b9b65098efbad059469",
                "sha256:f59a878c33d6b88122d80d239bb3b845d58708750b0cb06a09aebb9b18ec696c",
                "sha256:f7fabeb6cea87d65f3b926de33d03fb016cfdc29314c90974383b5582ae72891",
                "sha256:f9579f383d1bf9df80081e72760e84960a7fd4f88cf0c9e535a8597c9bb646f5",
                "sha256:f9a2353b37a1a9e78fd82b27ad7e2a32a2d036604d18f02b05e3136c62ca3b09",
                "sha256:fc36dc566135b5eceec4cf89758fcb719266a019ef07dae1754ae7c9f617ef3e",
                "sha256:ffdc76bfcae6b255dff75202c5e7feaf95b40246bc0a17944facc1fecf9f79ab"
            ],
            "index": "pypi",
            "markers": "python_version >= '3.12'",
            "version": "==2.5.3"
        },
        "pydantic": {
            "hashes": [
                "sha256:346a034f080da3755d8e9cb5e00e8b07de1d39e4f6e2c87d8ab7cafa0b269a73",
                "sha256:51a9c5f7b2f8e636f04c6cada605d9b6a3bf1348fdf945a3d8869b19bba0ee08"
            ],
            "markers": "python_version >= '3.9'",
            "version": "==2.13.5"
        },
        "pydantic-core": {
            "hashes": [
                "sha256:013d6f3483d81e02e7c328831808f336c8596ee33b4bd4026b9ffb1e960b8942",
                "sha256:03b9666e41e35d8909852ba191a0607520f81b74eaf12ccf8737005dbb313821",
                "sha256:045ab3b6d308439e32b81cc173bba5b9018bc6ed896afd0c65b3b009b1699af5",
                "sha256:0bddb4020d8f04175865ccd17eff3040874fc11fb593f424edb452653b4b947c",
                "sha256:0cdbada856a1c69a7624a64d3d9aefe79300bd6ef827b43a4f265010b9b55184",
                "sha256:0fc5be0abd4a407e200d844b404e33639a554e7bd0d448e7b9ae181be4789ac2",
                "sha256:10416c15b8839ecc4ef4d0885da76da6fd0f67333a0eb8aff6d93c4b8f2910fc",
                "sha256:15f4a94963c95accac15b7b657bb177d3ad82bb90b0d0526d9a9b85079925db5",
                "sha256:18a09e1e1011b462f2e32774f25859ef1223d5c2b0546a633cf56654710721e0",
                "sha256:193375f3548919d3f0b60936ca113ada3e38f264f91b9b8e0508efaad57be931",
                "sha256:1a353f84de772f423b5ffb11d7ae352fbbef0f446f3c0b0af0f8236d7233606e",
                "sha256:1e449def1945a462c464331254e5a44fca7c3b4f9aedf59ec2f50f8066dd8e25",
                "sha256:1e5aad1220a1192c42341c8fd4a8686657e73ab2a920c970bdc4de334fe3193d",
                "sha256:200aa3dc9f8d54f0754f43247c0bad0999fdcfbfd2488384dd44f37279271fe6",
                "sha256:2471fd51c61c610e1dcf7de44d7299283661654d11264ab4802b303368d69c47",
                "sha256:24922243639cbdac66c75fcb6fd6495a9cb52b213d62f9a0d16f0310b1ff8038",
                "sha256:28a6a556cd3b6066bea827857f9d9cce027c96f776e512f544a581f9e42161f8",
                "sha256:2bc9419666990c06d7397831f2126a1ecc3594aaa3ff7de5bf2d066802f4e07b",
                "sha256:2cbd9a5eff05e51c447c34dfa4632145b26b09120cf04bd0c871e44c1a5e1c9a",
                "sha256:2d330aaba8621b1edcec8ae2c4050f63b84ccf6d98723a8f212e9684713abf0e",
                "sha256:2d5d76654becf5efd62c9e51c3756c67b49498b0c9a40884934c40807adbd074",
                "sha256:337639ba62a11acde6ef3aeb08c8ea755f8ef1fe5e513356c0f36a2b0d7568b0",
                "sha256:347ec774390c87326a2e4929d58d3f7e8763a104d5d35f4cd595a4c952366433",
                "sha256:356c8368cbc321050b169595683a2e1d63413b1e0e2868b330af9fc14c616d3f",
                "sha256:37ae34309d7bd8c0d61ab839668058f2a7962ea1fc51d105d2db228fe0618034",
                "sha256:37ea7b83c935e5b0d68c9449b82651accf78a10828b2c02b2f2d9e9496446c21",
                "sha256:3a3e26b6a8274211bddee2d0e4d0d42778f17a34510f49d2ec44b58abfc41736",
                "sha256:3aa166e99c4f2985407fb8714aebede877ecb5455cf321b606adca926d30d5a0",
                "sha256:3d2652072b2d774947ba5cf78a9e59644ac62ee572daf6dd2e1dfe905e15b2b7",
                "sha256:40375c2d05acec10323e45dfe2077ac44bc74659008614af5069034e2cfc781c",
                "sha256:413a717a410d0c817ef5b786a059415550b3794e1d0c2abffd9efb93a3d9f7b4",
                "sha256:46c25dda9d092a06c08db76ffe0a197107904d0dfac653f7d5306bbcd6d6119c",
                "sha256:49776eab08766a08dfff7012f8b422dcd7e25e43b316eedf0477c24fcfa84b7c",
                "sha256:4d44cf99ddebf875f9b68cc267aa684c99b7b44fe63ee1cac4ec163807290069",
                "sha256:4dedce55295becb61921e386b99d4f2706045306e7fa52249a33004c837379fb",
                "sha256:4f8507560a9284e1370bb048ed4282012fbef4e8d109875b95e884d228552061",
                "sha256:4fdc8b93a41521988916eeaa271173fcca7fa0803d62f87675aac8dcec1c8e29",
                "sha256:5086029a57366b8cf81b130a43908738095c270c21a8d7f0e8bdfdb89718e2f3",
                "sha256:52e24eacdb536cade636aa90fb851835222becff8484b7001fdc78cb0290f2aa",
                "sha256:53feb344243bb9510a9dec7bf3cf1b64d88a98af5dc7872a5160465f8b198c8e",
                "sha256:545f26c504b27c3758439a5e6d9349931f0a04f855668d5fe323c89e82300a38",
                "sha256:54d510bac3ee52247af28ed4bb18a1e799f040ac60fd2bf5ccd4c92f1fbe786f",
                "sha256:5cb482e9e84c851f4e623fe4acc1ced89168cf1fe18f7089db4548c8f5bbb65b",
                "sha256:5e81740c09e310f5aa5cbd3e434a01c154d4bef93241c7877b39f211d2b78ba8",
                "sha256:5ee239d575f80b08eca11f6e20f90c4c695de7825c67eefe6091fbf20dda648e",
                "sha256:5f194189415698233dd1114a093a9b56e61e2c57e11b469be3b0506f46f0771c",
                "sha256:5f93c5fe914d75fbec9a49209b00da5f08e9e467d69da2b1510c81940cfd10be",
                "sha256:657b40d6240c0a7b6a64b30f22d1e3aa631c7e846c621b0c0f6d1d75e2e15ea6",
                "sha256:6d30e1a4f138b8951063e9a394752a9179b51da288ffa507b1e659222f4c1793",
                "sha256:6f7b393a8b3da82f5c1fc0751e6d01ac6c55b93c18226a60bdfba4a724efafd1",
                "sha256:701b2e04b560eeb4bddf7a25ab8ca476176e34fdbd9a0e18196f0d12d4685f0b",
                "sha256:771cf63ae0b1b50dd22e5f3e3549fab5f3f4ff1635d352a9e1a97fe01c7b2e64",
                "sha256:79bdfa52f843137045b2d081cc05c120ba6665d29b7559c2c47690906f39279f",
                "sha256:7ac031912d54f3d83ef3b3eb98dfabc1608802e2202263d25957eeed40b94761",
                "sha256:7b0fc826b16c55e561e5d2a0c5c77b051ba1d92808118c4e4b5390f5e0cf191d",
                "sha256:7c6be839a5a8312626b32029a415644a0846b420bc8b52b95b28cd92da162168",
                "sha256:816ff0a6550ffc06c098ccd2e0698600f9aa7da192a79eaa6f9af504a35db869",
                "sha256:82a36973cf8a2ef5406f4fe2edbf8ed0c99629535d959e0b100c76a32535a111",
                "sha256:837b396ca3d7b74091ca623f6cbd8351bd42d670a79c2683e79fb089f06a2de5",
                "sha256:850a08d167dde16db8702c274f320c7be9d7da6f6dff2b58b18f9e815bd94f5b",
                "sha256:8816f3d218beb4b787de5c9759c259b8fa61f9dec42dc7811f320a33771778b7",
                "sha256:892a881d5f68c2b9ea304b7a6c2c60d9343df578a311b0f86b94bc8f1ffe8129",
                "sha256:895395f8918627b04efb1ad2a4cf605387143300ba03304cd1dfa6d03f5e095e",
                "sha256:8b10e3e8fd7ddc2bd915848a2768e44c15b22936f1cc54c462ad1164deb02655",
                "sha256:8e24d8f05fa2d28513d94e877e9c75ad66175376209b3977f916e240e623193c",
                "sha256:8feeac04b5794e513e710af2f9c87d49f31a6dc47967bb264a1fed61a8989bec",
                "sha256:9432f3598db432cb51c5b37fdbf29a60fcccc79e30d37a05022776a6bc4ab689",
                "sha256:976e1128455aa595ea04c79ccfedff1aaeab96ee013fcc916bed120c4f0ad94f",
                "sha256:978e7b97d4824b5be09c69fb70507cbde3b0323fc147332ca40a94d9a6a0ebbf",
                "sha256:97bf8de4d541598c94a59344eeb988a94c08ff76b5723c41f6567ec18c7892ea",
                "sha256:97cf3eb53a8cccacf9d46686a0926186c9bfb5574f2ed66d3639d5fe117cd3a9",
                "sha256:9b68938dd5b0c783d88ff8e2dcc69451b5eb936fe212d516b21b9d5567f6d464",
                "sha256:9c4b71f10dd532fb7a5cbc8f58707779e64f03a258c2bf8bfbaecfcd9970b519",
                "sha256:9f47b8a949e60f027f0aa0a6f6c7b7e9c55cbf4380d10b344e282fa4e7ab1e1b",
                "sha256:a1dee1b804ff4d11c663636cf15d2ea47e9f79cd56c033fb1cbf08924842a48f",
                "sha256:a2468d93d181667a7abd66e1b64bb9f76f361b0fef8faddf687456453576f5ee",
                "sha256:a2a5e1d0ff29adddc9f6d6821a66302e4493f8ca898b715b6b1182c2c201ea0a",
                "sha256:a39ac25a9a2fa4072efdb429833c4a4c8009a51ff9eea3eeae131713cd27991e",
                "sha256:a445486499897b88a7d6c310c88ed64dd37b1b59bfd7ae9107490bbb362f47d6",
                "sha256:a91c17edf6eea2402cb5457b4c89e99bc5ed1004aa34c4adf1d4258c1a5c22c2",
                "sha256:ab4b66edffb32d9e951efb3814bd104b8367a7501b81b955cacb5726d897389f",
                "sha256:aca6c767f552b21b10f774aeac128e828eafb796adfa1b666a18bf6321453c3a",
                "sha256:acf8a67ba51f4ca9ddbd0e6b3000a65ac51ab734661778b3e7ba64d99a710f2f",
                "sha256:b10ec717381bdbfafef34607824db4c91de69ff085e4fca3b2af91b4fa17e68a",
                "sha256:b49924c73a235e969511bf2aabdff3beebf9820931f646c80274d5d780010c47",
                "sha256:b6acfb46a814762367fb7ba0828b0a17d441b92ce249a0e007474c9072662dda",
                "sha256:b7ca9034437b6022f941f4857459562ee00a560b97e7cce8a0ec5a74fc6766e0",
                "sha256:b98134087d9de723658d17a42c7d0da8d6e2ef08015dee7dc93889047315f5e4",
                "sha256:b9fe6fb92520e3fd61f2e49000b6911b188824f089b75973ea06d6267f0b476d",
                "sha256:bce57638e08ac148e5778cce7feb968307a727d66f8e2274a543d0cf0c9ad6a3",
                "sha256:c14ad3bdc85ee7f318742c457ca3968a92126d144b15721c759033bfb06296c2",
                "sha256:c1c43ad4339643d70ebb8124e1305a7dab423001eff58bb41a0f731adbc98355",
                "sha256:c3471e5c4a949c26ec00a77f01df59096aa9495877de76fd60a980f8ee6be461",
                "sha256:c583b927a8838dab890706a6fa7573fbb8b70e24000ef9f7238e2d6f6435a5ed",
                "sha256:c76fe65e607be28c7fd4d56fc3c42b1583aa058ce3408b7ad0fd540171d31f9f",
                "sha256:c7ea57fc63aa7da93a1bd2d644e6577befae10c52c4e36377635eea1056a74f5",
                "sha256:cd5214352ae68f3b5e9af7768bdc5253695ee069675db3480518420b3be881f2",
                "sha256:cdbb78909f52b981d3b2d56b97328d71eb0b974c36bd77c920123a7ebb192829",
                "sha256:cdc8b74ecc48c0cb1e9607a05ec4e9e88db60a19ffcc9a1d5f9088ede40c8dc0",
                "sha256:d0a24b40877af2de4950252be9d21eaf7fb07660f3c2cae1f56c6b599ada5266",
                "sha256:d22a945598fb91236b4dd793a6e42e4f3dd7740bb5aace5ebd7d4c08d13bb575",
                "sha256:d2f9fc07a8042a8f95925b35c4f04f469707c981fc33245b6ca187cf5d2dd290",
                "sha256:d625a186a65201c23a9e3b8ed9c47e90a026e03256608cc91851c6709096844f",
                "sha256:d925f3d9afd05a8c0fb3a1031463a8d59ebe5e2afad297e29c78be19e13b4e62",
                "sha256:e64e88d5585bea9ce95861079de72006c7fa6d3df4e3a3b65ba31eb979c15c9f",
                "sha256:e652ab17569c94bff5475520f907b7148b8c24036a8ebbe5cf7cf7493d28579a",
                "sha256:e7b891faeedeafba41b2983e5001a81b6a915b69544c7e7570d1989ce1c36ac7",
                "sha256:e80675d75ae2cd14372cb65cad5400d9347a3d3f6c13000183f22dfd027283ed",
                "sha256:e9c134bb666dd54b778b9fc0d2b50cbb7f979b9e3716f26a88c9ab3b6fc1dd0f",
                "sha256:eb7d8d0e5886a89a55d2eef490e272fa965a9d57c6b29a5b5088a7997ec2cad1",
                "sha256:ecb42011e12ee19cafbc312887cbf3546959fe02fbad44f272d4be5baa997615",
                "sha256:ef3fbbf161dc9351a2fe0422e51b129f9e97e42385bd0320b309c15f7d287dd8",
                "sha256:efd62a42486f1bda5d24cb4f63d15a3c7768375fe83d36f9417b4ad7a2fb20b3",
                "sha256:f077d0b97ab11fa7dcc633fca53515f290bca8a8a633e966d5b6d1879d9ed01a",
                "sha256:f332f0e72a5a0400141f830744e141bf9f97917878dbe968669e8a7fefea78ff",
                "sha256:f7b0ec93a2893de856652154d73b7ba622f26fa97726487dcac373de5f4c6084",
                "sha256:fa10ef4112775900e7a0661068635eb67b2ab824fbde764de6e0e21982a93db0",
                "sha256:fc5d783bd4a2387e97b8a2d5ec781cfb92b3d893bf82370548e99db5915935d3",
                "sha256:fc8515076c11f3cfdf4fb142dcca0fe384b1230a3b5415458ac84f3e0903ec13",
                "sha256:ff218293c9c806138dca139765e3b067621be52bcd93cdc14c7711be7ddc90a9"
            ],
            "markers": "python_version >= '3.9'",
            "version": "==2.46.5"
        },
        "sniffio": {
            "hashes": [
                "sha256:2f6da418d1f1e0fddd844478f41680e794e6051915791a034ff65e5f100525a2",
                "sha256:f4324edc670a0f49750a81b895f35c3adb843cca46f0530f79fc1babb23789dc"
            ],
            "markers": "python_version >= '3.7'",
            "version": "==1.3.1"
        },
        "truststore": {
            "hashes": [
                "sha256:9d91bd436463ad5e4ee4aba766628dd6cd7010cf3e2461756b3303710eebc301",
                "sha256:adaeaecf1cbb5f4de3b1959b42d41f6fab57b2b1666adb59e89cb0b53361d981"
            ],
            "markers": "python_version >= '3.10'",
            "version": "==0.10.4"
        },
        "typing-extensions": {
            "hashes": [
                "sha256:481caa481374e813c1b176ada14e97f1f67a4539ce9cfeb3f350d78d6370c2e8",
                "sha256:dc983d19a509c94dba722ee6abd33940f7c05a89e243c47e907eb4db6f1a43e5"
            ],
            "markers": "python_version >= '3.9'",
            "version": "==4.16.0"
        },
        "typing-inspection": {
            "hashes": [
                "sha256:547274fa6b0a561ccf549cc9524b999a578e737d015d8709d021f9d0d13bea47",
                "sha256:65b8397ba37ccbce054456aaccddfc91e6e3083c92824df348d96ca832f3f147"
            ],
            "markers": "python_version >= '3.10'",
            "version": "==0.4.4"
        },
        "websockets": {
            "hashes": [
                "sha256:0014eaff8ad5b3b43feda2279f9d34bf2eaae040720b9fbbb55944b10f40b14d",
                "sha256:00679b7468b4c2b12b0757118174e8eabac56bb2f579a928a104d9554a56e098",
                "sha256:00bf34b64501e3477e81fc281532ff3cbf4da26633c10b63979d5085d46602d3",
                "sha256:01dcb47deebc40b38fd4a493b9b9f4d0a704b7bec6f35e4d34085b329abce71a",
                "sha256:020e271205f8ab3406d7a59cd00de6dec722315924411c421bd00642f18bad86",
                "sha256:0340bbef6bfbe16da888b3983d666a4db4954ac3253c38f13bc7aba0c7db5a2f",
                "sha256:054c28db2dcec0e857e3b705d8c28012613e555b38c765d6a4f75340a4fc06a0",
                "sha256:073c5c3f7e127041fa9d34a9e29ceefee8c3cafbd267ed2927318f425144380d",
                "sha256:07fa3e7c30e2c577928d359b56bf872a3e0cbcc15553eaa0907c1ee86344b56f",
                "sha256:0c84bdef916556cbe1d5a43b423398be4dd3cba6522b463e53d848578b920695",
                "sha256:0c863507ada5805517ca6dff1c524dcd42942efe6304dacf06700878398d21a6",
                "sha256:0c9982938980e086da59f70d05f9418cd143401a601a0faac10fa48f7bb1cd3e",
                "sha256:0de501b7f2db11e83739ac20e2d33d46da4604b829f506c24be80e7def069391",
                "sha256:0f4f50dfe2cc810fc4e2de979b35e83bf8bb4bccdc6fe472d93762ea7b1d5927",
                "sha256:1036189bd34b0bc1b10a4679321e2c7968af317efe6e8e4c1c5141c4254fb5bb",
                "sha256:10ecb38ffc05e1841b619d99c725307a223ef9ad58e7b1ed33311d472dc43918",
                "sha256:12c8e2b25df59755954a04dfa09c990b96691025aaf7eafd19ed6da24b09c18d",
                "sha256:12fe8984a32dbfd084e0603f1a8d740c0180cb85b3174585c54a80d2455a8394",
                "sha256:17aa424ab61620aad21b36b2240efc87b500cc496e7d0e999a5c2ae99395e886",
                "sha256:1a20136d61f9ca3a31493732762661fafc2c20e8861930214e21afc6a8a692a2",
                "sha256:1a5cf4e7bbe3ca499e6a289206cb4fcb7444b09919e129bd517f57d5fa192c13",
                "sha256:1c7ac77401227212dc6e849182feee50d57cf456ec6329ffd6979c94bb136c5c",
                "sha256:1fce0f43e0d41422e0b2cad6561e1970df22f212f4c7e884967df7cf591b031c",
                "sha256:259f45358c76d3b18489e3e80636cdbe807e05ecf1b10fdf1a779106d23d0c8e",
                "sha256:2786cbd273ab69c22612db8a41229ddf2c158060b17b5928884bf388d07887f3",
                "sha256:29176d8b429cfa0fa443c473878d37a5c06cfd0cb36b71ba4314accc71e05906",
                "sha256:2a0162a6372110a5601cb5c9fd826635cedf69f3e110c545dd19774e040b970e",
                "sha256:2a4dc6ef83f4559e0d05f313a375cb38f63c986096a9da99fe94fdd779d313e5",
                "sha256:2afb58c7ba48b329d56769f8dfd89f394efe587b65ef806bae810a484d6d3608",
                "sha256:2cce251f3e2469b99b6802b55435bcdd07123b41870f54c87b336183af9d7e68",
                "sha256:2d72879819f5145a342d0030c418702496c65a4b913ef81f5ae944dd91dd50f6",
                "sha256:32a2a68d989d6e5b74a9d5095415c51189ebae29fceb7cf2b64a1c0318a81256",
                "sha256:33e45c7ea38428e740a7f233555d71df0b875cef7fc080acebc9654475e35335",
                "sha256:34879e19bb0a3c44f9317679435aea5327fac993933a704cbf353bf1234b10c7",
                "sha256:3546ef55b3a074494106508bc6505c73825970d2d9505f7bf53882b3e88b0d1e",
                "sha256:3709a1ab30b4b922027d22f68d2b61a0656a91680ac894a537624e6be7dd7f7c",
                "sha256:4031152769179ab8dcdeafc7b0e58052a49117560a28671700b47b2c7b717aad",
                "sha256:406b8107943a43ef4649b1e0cb0cdc052bbf08fe1c8905a623c4af9586e5cebb",
                "sha256:416b4bc8789a1865a3ff643ec4ee073a5f52402d0dbeafd27b1798d5dd6b6a51",
                "sha256:43bd0c1ceb924d67f5c1a5254d8361dd9d94246e6331a726064dfa2917880780",
                "sha256:455ffeea0879d313205df1e745e5883e1feb7f31ecd26be882f5f0babd3db04f",
                "sha256:469355ab1af100b9380f1afb09985019f4a4b94fa1dd0e9396db4361626d7ab8",
                "sha256:46c0331c9eaaf73a559f3a9e388466be0df96eb83d40f06f1ca6ab6613b35c82",
                "sha256:46e7a10bf04318c7b0c0273791925ae5e1cbe4a11e34aa934d2ef27862058a80",
                "sha256:47a62d6045c6eaa0d8f97bc2fb68b8cf90077a0cbfd4e83d6f2d2145611ee134",
                "sha256:4af784f3e436f65b355c117c6497320f2b5cf6a559295cb1c4c7338e335d45cc",
                "sha256:4e8ffcb486c8490a34a4cef5e4409d8da5a1cb1681e5bf7d786ce5e84aa8540d",
                "sha256:50903d335bfda026c2fa11dd9aed09d8cbee0c451e3a85122a9acb041b7dc69b",
                "sha256:57b39dc8541cf7ed3f639da82bf7451060483967f9e733da1f8173e4095f0642",
                "sha256:581fa678ef46f4277cc8491312468e582f8ad609dbab907ba6096a08c6a0ff98",
                "sha256:5a74531ce81af587f906ab42f194032388fcff8fc7938402e5917c9147a39441",
                "sha256:5aefe78e6a3077fe22b5e64b04666a85a3eb8b934d40e8595a693adcbceb6f11",
                "sha256:5c27336b1a0ac56569493e858497870347854372395f50483725f8cdacc5a45c",
                "sha256:5d4724255fb8398acd9e583b97eb2279cec20e0bd0f9a94bf75f6056ef9f13da",
                "sha256:5f051f8030a51815dc00e24bd2e5f1435af095c1cc111d747ac6e2a3620d7641",
                "sha256:615746b12b26a3fd4077bc6fbeb277a1c192a45dd57b531d07ad9ed5c52a9a7a",
                "sha256:617243e19a0992095956f406ee9cd3bc4ba92862d83cb1d83bb59ce574412bec",
                "sha256:655a8e28010f09fd6fa317e857afab3af7647f33e41dee88fa421e92086d1090",
                "sha256:65be6bda2b537fefa4b3a5ccd6ab386533ce39dd8fe62433ec90901fdc81752d",
                "sha256:67258b00302a5aaf0b267771c7014b13429abd7ea17eebc4c55bd935ff101555",
                "sha256:677014a073bcb1fbaa7e21144786864f16c08f856d66834f611eceb9006cbab8",
                "sha256:6a8e768a048c2220697477ce2e67e4345dc9f693d0ee6af53945b5e30227c6a7",
                "sha256:6da17fc94bd270f5987b10bee113461ac36a36a98b0481ddcc98056e5a90001a",
                "sha256:6de9acef07e3a78e9567fcd26c29011a4da8f050b13004bbf880a0fd82a6eea5",
                "sha256:6e63c01803be425ff062b7f7fc201a74def1d49fc94a2410dd17375df75936e9",
                "sha256:6f42912fa9eb4cb7c7ec9fde9b3332ba339eb8a8811981043d4029599f3d950b",
                "sha256:722ec21717eec6477bce582147a28acdfe034e604239466a6a95daedb863e774",
                "sha256:764cf7bfa149365f32b7a0fd9fed32debdac29dd06295d5635cde1745b446cd8",
                "sha256:76dd004f59115087c7b700474cb18f01325e37250032e19396c08ae41448e4b3",
                "sha256:77b37cceca17291897c3c73bd30a7c7c7909593554b5da574ec852af83c1742a",
                "sha256:7a72efa3bf4fa3a6669a54420a472ad056da3973d827f10e3a536da463f926c2",
                "sha256:7e724f843fa6a0614aece65a7c73e51d0f4412ca41dccac13c3caf98e69536bb",
                "sha256:8196d217eeca52b9235ee1f8a684a09885a5f953d5a31e80ef915bf2c5c94f9d",
                "sha256:829dba1bc049779de9b332088c1a6a9858e96bd67e50b6b644a95e02b67836bc",
                "sha256:84f25e099fdfe3b09f953d84698f729a1f7d1e99101b2787d7a28ed77b323750",
                "sha256:87f0d5e77548b0c40c8464cdb6108792e7e53f487c6400028a4ec28a8afbe5ab",
                "sha256:880069d21cc33a558dcf180924a546d1ecf8ada5be3e4e70acee87019d706a24",
                "sha256:882af300d2c6a092b93767d5de03c7bb56dfb06314140c8e872d3f48e09f7b74",
                "sha256:88381602e379165b66244b2ebc29f9b23ea0851fbe63ae157f91ca324f072d6f",
                "sha256:88b882764ef65147a7a5ae13168dedbe225a04e2ff4858fe543f2c402f093e9c",
                "sha256:88bc5138e53903a85c354e59df7ba73ce306f7b09724cef74dba121e60a88ce2",
                "sha256:8d1b108bd8f5f6a8b90801f6db3b3858d5deca889acfdb8ac497bbb24e4b0edf",
                "sha256:8f6c38cdcaf98a911d7acc25577f2f9e710f3a2fc2bde1563556784320196b51",
                "sha256:8fbf28e639544503b7d1c96452a5e5e043e4108d89b1f3fa02910603622d19db",
                "sha256:96abdecbaae746851b87c3a36cb4a661df93ca3d92f114270f79228bf1d00de6",
                "sha256:98a5b2589a56a4b4f098b0a958099a4356ab904a7844f1da3841efca469af7e9",
                "sha256:9ae55d24241fc055f22aea3ac924559069848bd0ad4ea065fdd72d2194685fe8",
                "sha256:9f4a08ff7cb68c27b18e09223cc6304e01d0f82d5a240d251266dfd2e6e44729",
                "sha256:9f4c0377a83e163a303514fdfab501dbe379bdc13e5b9312a91d112658b29dce",
                "sha256:9fa1ffa08c81a4f809cdab6129f8e55bee4650b9d6d3461019dda73aacd146b6",
                "sha256:a06f3b5085176763182449559e20391d7ce616a8972a9f7a33deda87ea6d4f3c",
                "sha256:a62d8c424383c9dc769ff3672018df822603117e32686e567d452ed035b6fb2e",
                "sha256:a7b35181a14cbfcae163b4de545d22abfd07d06c2c41ca69cfcd99251d6888ab",
                "sha256:a9fe648abd1d9b89aebfa30407bfdd08a0271ec5dc7d44a4c6ccd1ce22cf562a",
                "sha256:acfea4c20bf54384883ea33b1240fc1db4f52e190823a4e2b334bc3e8bfca96a",
                "sha256:ad68c28a27246fed109a4409393d677b7e1388345cbbd2f5aee5c182d8506110",
                "sha256:aec00f018d34c67500ff0438dc314b40277be4a1b983cbacbf53ccf7db63e257",
                "sha256:b1bc819c6db90e8f91a38250a1ab4c058261871aa52d2fe36382eddedf146dee",
                "sha256:b1c323fc3be1dc3f87f6c59458cb7d9e13dcbbf971d6c3f3e2bbaf58d3bfcdfe",
                "sha256:b3b451fd2723ad3191a209afe6f3f4bc86c83e9a85bdc255353b91803ee6aa66",
                "sha256:b65d5fe48219dc2d5e158de9e6514e75600f379cc7e37108d35f31764c155566",
                "sha256:bb0efe019480a1c93e168ce96479273aaebd672fc8c350d5eed1e507ababb1b8",
                "sha256:be3f0129c5654517b2abf07dcb75bb1d9479759a4ccfb569e8293579e9fc029a",
                "sha256:c3241d684a76eaaef8b2dc789afde4343cd3aad55ea81e4e8ab3605b529bae51",
                "sha256:c65da239a5ad553619804c1f9d65c1a0b3005381c6158ee14da2c7444cbd0c78",
                "sha256:c89406fa3dcd4aa8662c6406cc5c0de1790e9614d2c3aaf03ca53a8a8ccf3405",
                "sha256:ccbf3f4a9890d50b3a08ee04029fde30a03bfdeffaa19977628bf17251764e60",
                "sha256:ce0305b702b20d1e1d60a9aaace6bc89970e1753565543f310d549eab22c2435",
                "sha256:ce13c7d233239e739600a57d4a73c1192ad8259e655a4d55aa1a454242bc809d",
                "sha256:cec1bb8f22abccc8d20f8ca63df9be41600c26c190f4b97ee86c675fd4a863a6",
                "sha256:d1e2f5fa2b6d01f0d85b4f223fea7ed1d504be282a02a81bd2be4817ef7a2f03",
                "sha256:d334d11398086bb5559606cb42d51c013ea7c061c7db701521392373d3c087f5",
                "sha256:d411ea5ca18ac1b12c0c94be88b60c18ca641ac43bcdfdf1c9f79d46cdbe1603",
                "sha256:d41ef69d5416fbc1d98cf96c37be6192d10fd101c3e0f8b3ddc36e09432b3c08",
                "sha256:d58159af7835fde09c462394293c0d7aaf8fb4557d8f8e5699f5e722ccae013d",
                "sha256:d7b349265fad6244013eecd99df8d83c12bf3013943e431f4fadd5bffc37db42",
                "sha256:d8e83333385cac6030a5167fd18bf96cc6c58b914c308e683f05b0cf94bc8dd0",
                "sha256:d9d01e8ede41fea4f5a847dad9d628355f74905f437a5b6856d67aa66d193800",
                "sha256:d9fc873e239c5abeb150bc24dbd1a7af23a9254526383ce0a077f5e20adbeb19",
                "sha256:db9d7ee47f3ba531e278be539af39e2c7c7d28fb94897b6cd1120d63b0ef5922",
                "sha256:dc053f9e95a76213c5eb7ed95779f7daf0d2bf0e4e03073629ebfa43a033f151",
                "sha256:dc2b79afc074d2f3e64b26539350f697fe1b85ea1c49ea24eb588f247b053ce1",
                "sha256:dc5789e5ea182b77a38881383ada5347202a6c66f4857d054e075290e80b604b",
                "sha256:dcb8d5f7edef7a399d322cf28d4c4e6f98dab64d301c8f50581a1080e5198142",
                "sha256:e4bd7eacb87d8cf3ed70d6392c770a0d92441f05d7d2a3efafb5bc171d5e3067",
                "sha256:e552e0037230ac16e5f568de7012041344d1b18c9feed30ec2891b8eba55af81",
                "sha256:e5f5c7a893507d0e83a80b88aefd6522f7e882cd53f9722c6f23f5a020c9557c",
                "sha256:e74e41f0ad12ff1e8983e349daef79d37cc8280c743ce9d134d6c74c18dab5d6",
                "sha256:e78fd4b7b2c5086a38671c9c882c1e643385eccea360b5b1fda4a105e590087e",
                "sha256:e8dc3fa6d6b7ead3f9de57895f41b116a28787548e066365d9d90f7356bcaad2",
                "sha256:ea0ed9373b880115911d9d39634bccc95b8ce590c9c42e8589f5cacc3ef3cee2",
                "sha256:edadce7a22052056fd4384543019856b34850363c9d387929f677ae01d79709c",
                "sha256:eec113a5b41d124ef42ff56b0d74a6da3fd986400038eab9e58ee42a4024e837",
                "sha256:f221081107b8c48184d99f7019604486376e7ef826037e70aad6b02540732c23",
                "sha256:f3a1d577e081667dda7f8e5b4796e6e32f9713c93e2a3d930669519840a3c623",
                "sha256:f47aafd92aa28b941180e6da8a42b0f711851b14b81a5b6bb28dbbb1fa35152c",
                "sha256:f4c45ee2512d3757b5e6c67c5a34e435143f2ecb7df3324f9fd888688c45c0f4",
                "sha256:f58f58b4b29bbea2a3635e2c56eff4a3adab011fe383802a9e542e31b97085fc",
                "sha256:f612dc57f00c07cf4aa2673f7cbceabd654ad2457b7e639f061b794d6e11f9fd",
                "sha256:f62114a54117e4948a1e414e89521f7fe1e3c2f83f2a571a06a4fc6718b0900a",
                "sha256:f64e001bb7fa89b9f32cfa600bf8e9ac8ca26759d9b92ae01453ee303d9cd7b4",
                "sha256:f7233eaf441a345a5943a929fd4b5ea3278f11aed35a9ed0f3106b8cb3ca846a",
                "sha256:f78a3ffb1994304db2c0c4588e4d1a518079b557054fa3bb985a6f5e50ff49a3",
                "sha256:f8e822efd54137d8cc8310eb64635ab827a4a6c72ff08691f38aa624776d8ecb",
                "sha256:f98bf378d7a5be047a044a1a27c987a8f355e10e3b5754617dbe756248cbc5ce",
                "sha256:fb88076df585b69c5761c387c0081aa87d7b9eb1b205a6535ca4777e25650d81",
                "sha256:fd8f47dbf2e8adb15c847215f83436de3fdb120b51fdae0fbbdf69fd97a3ad80",
                "sha256:ff3e2ba7a9f0a110b0555452e9b5a03a34e11662544e01beea15f144b48ba7b7"
            ],
            "index": "pypi",
            "markers": "python_version >= '3.11'",
            "version": "==17.1"
        }
    },
    "develop": {}
}
